PATH
  remote: ../../vendor/haml-contrib
  specs:
    haml-contrib (0.0.0)

PATH
  remote: /Users/norman/work/haml/haml
  specs:
    haml (3.2.0.alpha.12)
      tilt

GEM
  remote: http://rubygems.org/
  specs:
    actionmailer (2.3.14)
      actionpack (= 2.3.14)
    actionpack (2.3.14)
      activesupport (= 2.3.14)
      rack (~> 1.1.0)
    activerecord (2.3.14)
      activesupport (= 2.3.14)
    activeresource (2.3.14)
      activesupport (= 2.3.14)
    activesupport (2.3.14)
    hpricot (0.8.4)
    json (1.7.3)
    maruku (0.6.0)
      syntax (>= 1.0.0)
    minitest (2.12.1)
    rack (1.1.2)
    rails (2.3.14)
      actionmailer (= 2.3.14)
      actionpack (= 2.3.14)
      activerecord (= 2.3.14)
      activeresource (= 2.3.14)
      activesupport (= 2.3.14)
      rake (>= 0.8.3)
    rails_xss (0.1.3)
    rake (0.9.2)
    rbench (0.2.3)
    ruby_parser (2.3.0)
      sexp_processor (~> 3.0)
    sexp_processor (3.0.6)
    syntax (1.0.0)
    tilt (1.3.3)
    yard (0.8.0)

PLATFORMS
  ruby

DEPENDENCIES
  haml!
  haml-contrib!
  hpricot
  json
  maruku (>= 0.5.9)
  minitest
  rails (>= 2.3.0, < 2.4.0)
  rails_xss (>= 0.1.1)
  rbench
  ruby_parser
  yard (>= 0.5.3)
